
Microsoft Visual Studio Solution File, Format Version 12.00
# Visual Studio Version 16
VisualStudioVersion = 16.0.30523.141
MinimumVisualStudioVersion = 10.0.40219.1
Project("{2150E333-8FDC-42A3-9474-1A3956D46DE8}") = "asynchronous_programming", "asynchronous_programming", "{BC46BFBD-570D-4434-B77D-330B057AB869}"
EndProject
Project("{FAE04EC0-301F-11D3-BF4B-00C04F79EFBC}") = "data_tpl", "data_tpl\data_tpl.csproj", "{68477D57-DF88-457B-A449-D1376CEF9A36}"
EndProject
Global
	GlobalSection(SolutionConfigurationPlatforms) = preSolution
		Debug|Any CPU = Debug|Any CPU
		Release|Any CPU = Release|Any CPU
	EndGlobalSection
	GlobalSection(ProjectConfigurationPlatforms) = postSolution
		{68477D57-DF88-457B-A449-D1376CEF9A36}.Debug|Any CPU.ActiveCfg = Debug|Any CPU
		{68477D57-DF88-457B-A449-D1376CEF9A36}.Debug|Any CPU.Build.0 = Debug|Any CPU
		{68477D57-DF88-457B-A449-D1376CEF9A36}.Release|Any CPU.ActiveCfg = Release|Any CPU
		{68477D57-DF88-457B-A449-D1376CEF9A36}.Release|Any CPU.Build.0 = Release|Any CPU
	EndGlobalSection
	GlobalSection(SolutionProperties) = preSolution
		HideSolutionNode = FALSE
	EndGlobalSection
	GlobalSection(NestedProjects) = preSolution
		{68477D57-DF88-457B-A449-D1376CEF9A36} = {BC46BFBD-570D-4434-B77D-330B057AB869}
	EndGlobalSection
	GlobalSection(ExtensibilityGlobals) = postSolution
		SolutionGuid = {D2E14051-2991-4D34-BA61-F7556DD8E43E}
	EndGlobalSection
EndGlobal
